
Microsoft Visual Studio Solution File, Format Version 12.00
# Visual Studio Version 16
VisualStudioVersion = 16.0.30114.105
MinimumVisualStudioVersion = 10.0.40219.1
Project("{9A19103F-16F7-4668-BE54-9A1E7A4F7556}") = "AutomationToolkit.Octopus", "src\AutomationToolkit.Octopus\AutomationToolkit.Octopus.csproj", "{371F4C8B-8478-4BAC-A442-F5F49798E780}"
EndProject
Project("{9A19103F-16F7-4668-BE54-9A1E7A4F7556}") = "AutomationToolkit.Test", "test\AutomationToolkit.Test\AutomationToolkit.Test.csproj", "{F4377EB0-CE82-4EEC-873D-1D5A6EFFD0F0}"
EndProject
Project("{9A19103F-16F7-4668-BE54-9A1E7A4F7556}") = "AutomationToolkit.Common", "src\AutomationToolkit.Common\AutomationToolkit.Common.csproj", "{768B7FFB-BBC6-44EA-B45B-404BBF924B5F}"
EndProject
Project("{9A19103F-16F7-4668-BE54-9A1E7A4F7556}") = "AutomationToolkit.Proget", "src\AutomationToolkit.Proget\AutomationToolkit.Proget.csproj", "{D27152AA-DCF3-4220-B916-984B09497AC3}"
EndProject
Project("{9A19103F-16F7-4668-BE54-9A1E7A4F7556}") = "AutomationToolkit.SonaType", "src\AutomationToolkit.SonaType\AutomationToolkit.SonaType.csproj", "{E7F08A57-6051-49FF-A95E-C165325DE533}"
EndProject
Project("{9A19103F-16F7-4668-BE54-9A1E7A4F7556}") = "AutomationToolkit.AzDevOps", "src\AutomationToolkit.AzDevOps\AutomationToolkit.AzDevOps.csproj", "{A88A59F5-468B-423E-9CB6-C57F6B5C9A15}"
EndProject
Project("{9A19103F-16F7-4668-BE54-9A1E7A4F7556}") = "AutomationToolkit.Confluence", "src\AutomationToolkit.Confluence\AutomationToolkit.Confluence.csproj", "{8FC8AAB9-9CE1-4F0B-BFE9-71F343888338}"
EndProject
Project("{9A19103F-16F7-4668-BE54-9A1E7A4F7556}") = "AutomationToolkit.Exchange", "src\AutomationToolkit.Exchange\AutomationToolkit.Exchange\AutomationToolkit.Exchange.csproj", "{5C49A7BF-0F5A-48C8-B8A9-5F1D483DD24F}"
EndProject
Global
	GlobalSection(SolutionConfigurationPlatforms) = preSolution
		Debug|Any CPU = Debug|Any CPU
		Debug|x86 = Debug|x86
		Release|Any CPU = Release|Any CPU
		Release|x86 = Release|x86
	EndGlobalSection
	GlobalSection(ProjectConfigurationPlatforms) = postSolution
		{371F4C8B-8478-4BAC-A442-F5F49798E780}.Debug|Any CPU.ActiveCfg = Debug|Any CPU
		{371F4C8B-8478-4BAC-A442-F5F49798E780}.Debug|Any CPU.Build.0 = Debug|Any CPU
		{371F4C8B-8478-4BAC-A442-F5F49798E780}.Debug|x86.ActiveCfg = Debug|Any CPU
		{371F4C8B-8478-4BAC-A442-F5F49798E780}.Debug|x86.Build.0 = Debug|Any CPU
		{371F4C8B-8478-4BAC-A442-F5F49798E780}.Release|Any CPU.ActiveCfg = Release|Any CPU
		{371F4C8B-8478-4BAC-A442-F5F49798E780}.Release|Any CPU.Build.0 = Release|Any CPU
		{371F4C8B-8478-4BAC-A442-F5F49798E780}.Release|x86.ActiveCfg = Release|Any CPU
		{371F4C8B-8478-4BAC-A442-F5F49798E780}.Release|x86.Build.0 = Release|Any CPU
		{F4377EB0-CE82-4EEC-873D-1D5A6EFFD0F0}.Debug|Any CPU.ActiveCfg = Debug|Any CPU
		{F4377EB0-CE82-4EEC-873D-1D5A6EFFD0F0}.Debug|Any CPU.Build.0 = Debug|Any CPU
		{F4377EB0-CE82-4EEC-873D-1D5A6EFFD0F0}.Debug|x86.ActiveCfg = Debug|Any CPU
		{F4377EB0-CE82-4EEC-873D-1D5A6EFFD0F0}.Debug|x86.Build.0 = Debug|Any CPU
		{F4377EB0-CE82-4EEC-873D-1D5A6EFFD0F0}.Release|Any CPU.ActiveCfg = Release|Any CPU
		{F4377EB0-CE82-4EEC-873D-1D5A6EFFD0F0}.Release|Any CPU.Build.0 = Release|Any CPU
		{F4377EB0-CE82-4EEC-873D-1D5A6EFFD0F0}.Release|x86.ActiveCfg = Release|Any CPU
		{F4377EB0-CE82-4EEC-873D-1D5A6EFFD0F0}.Release|x86.Build.0 = Release|Any CPU
		{768B7FFB-BBC6-44EA-B45B-404BBF924B5F}.Debug|Any CPU.ActiveCfg = Debug|Any CPU
		{768B7FFB-BBC6-44EA-B45B-404BBF924B5F}.Debug|Any CPU.Build.0 = Debug|Any CPU
		{768B7FFB-BBC6-44EA-B45B-404BBF924B5F}.Debug|x86.ActiveCfg = Debug|Any CPU
		{768B7FFB-BBC6-44EA-B45B-404BBF924B5F}.Debug|x86.Build.0 = Debug|Any CPU
		{768B7FFB-BBC6-44EA-B45B-404BBF924B5F}.Release|Any CPU.ActiveCfg = Release|Any CPU
		{768B7FFB-BBC6-44EA-B45B-404BBF924B5F}.Release|Any CPU.Build.0 = Release|Any CPU
		{768B7FFB-BBC6-44EA-B45B-404BBF924B5F}.Release|x86.ActiveCfg = Release|Any CPU
		{768B7FFB-BBC6-44EA-B45B-404BBF924B5F}.Release|x86.Build.0 = Release|Any CPU
		{D27152AA-DCF3-4220-B916-984B09497AC3}.Debug|Any CPU.ActiveCfg = Debug|Any CPU
		{D27152AA-DCF3-4220-B916-984B09497AC3}.Debug|Any CPU.Build.0 = Debug|Any CPU
		{D27152AA-DCF3-4220-B916-984B09497AC3}.Debug|x86.ActiveCfg = Debug|Any CPU
		{D27152AA-DCF3-4220-B916-984B09497AC3}.Debug|x86.Build.0 = Debug|Any CPU
		{D27152AA-DCF3-4220-B916-984B09497AC3}.Release|Any CPU.ActiveCfg = Release|Any CPU
		{D27152AA-DCF3-4220-B916-984B09497AC3}.Release|Any CPU.Build.0 = Release|Any CPU
		{D27152AA-DCF3-4220-B916-984B09497AC3}.Release|x86.ActiveCfg = Release|Any CPU
		{D27152AA-DCF3-4220-B916-984B09497AC3}.Release|x86.Build.0 = Release|Any CPU
		{E7F08A57-6051-49FF-A95E-C165325DE533}.Debug|Any CPU.ActiveCfg = Debug|Any CPU
		{E7F08A57-6051-49FF-A95E-C165325DE533}.Debug|Any CPU.Build.0 = Debug|Any CPU
		{E7F08A57-6051-49FF-A95E-C165325DE533}.Debug|x86.ActiveCfg = Debug|Any CPU
		{E7F08A57-6051-49FF-A95E-C165325DE533}.Debug|x86.Build.0 = Debug|Any CPU
		{E7F08A57-6051-49FF-A95E-C165325DE533}.Release|Any CPU.ActiveCfg = Release|Any CPU
		{E7F08A57-6051-49FF-A95E-C165325DE533}.Release|Any CPU.Build.0 = Release|Any CPU
		{E7F08A57-6051-49FF-A95E-C165325DE533}.Release|x86.ActiveCfg = Release|Any CPU
		{E7F08A57-6051-49FF-A95E-C165325DE533}.Release|x86.Build.0 = Release|Any CPU
		{A88A59F5-468B-423E-9CB6-C57F6B5C9A15}.Debug|Any CPU.ActiveCfg = Debug|Any CPU
		{A88A59F5-468B-423E-9CB6-C57F6B5C9A15}.Debug|Any CPU.Build.0 = Debug|Any CPU
		{A88A59F5-468B-423E-9CB6-C57F6B5C9A15}.Debug|x86.ActiveCfg = Debug|Any CPU
		{A88A59F5-468B-423E-9CB6-C57F6B5C9A15}.Debug|x86.Build.0 = Debug|Any CPU
		{A88A59F5-468B-423E-9CB6-C57F6B5C9A15}.Release|Any CPU.ActiveCfg = Release|Any CPU
		{A88A59F5-468B-423E-9CB6-C57F6B5C9A15}.Release|Any CPU.Build.0 = Release|Any CPU
		{A88A59F5-468B-423E-9CB6-C57F6B5C9A15}.Release|x86.ActiveCfg = Release|Any CPU
		{A88A59F5-468B-423E-9CB6-C57F6B5C9A15}.Release|x86.Build.0 = Release|Any CPU
		{8FC8AAB9-9CE1-4F0B-BFE9-71F343888338}.Debug|Any CPU.ActiveCfg = Debug|Any CPU
		{8FC8AAB9-9CE1-4F0B-BFE9-71F343888338}.Debug|Any CPU.Build.0 = Debug|Any CPU
		{8FC8AAB9-9CE1-4F0B-BFE9-71F343888338}.Debug|x86.ActiveCfg = Debug|Any CPU
		{8FC8AAB9-9CE1-4F0B-BFE9-71F343888338}.Debug|x86.Build.0 = Debug|Any CPU
		{8FC8AAB9-9CE1-4F0B-BFE9-71F343888338}.Release|Any CPU.ActiveCfg = Release|Any CPU
		{8FC8AAB9-9CE1-4F0B-BFE9-71F343888338}.Release|Any CPU.Build.0 = Release|Any CPU
		{8FC8AAB9-9CE1-4F0B-BFE9-71F343888338}.Release|x86.ActiveCfg = Release|Any CPU
		{8FC8AAB9-9CE1-4F0B-BFE9-71F343888338}.Release|x86.Build.0 = Release|Any CPU
		{5C49A7BF-0F5A-48C8-B8A9-5F1D483DD24F}.Debug|Any CPU.ActiveCfg = Debug|Any CPU
		{5C49A7BF-0F5A-48C8-B8A9-5F1D483DD24F}.Debug|Any CPU.Build.0 = Debug|Any CPU
		{5C49A7BF-0F5A-48C8-B8A9-5F1D483DD24F}.Debug|x86.ActiveCfg = Debug|Any CPU
		{5C49A7BF-0F5A-48C8-B8A9-5F1D483DD24F}.Debug|x86.Build.0 = Debug|Any CPU
		{5C49A7BF-0F5A-48C8-B8A9-5F1D483DD24F}.Release|Any CPU.ActiveCfg = Release|Any CPU
		{5C49A7BF-0F5A-48C8-B8A9-5F1D483DD24F}.Release|Any CPU.Build.0 = Release|Any CPU
		{5C49A7BF-0F5A-48C8-B8A9-5F1D483DD24F}.Release|x86.ActiveCfg = Release|Any CPU
		{5C49A7BF-0F5A-48C8-B8A9-5F1D483DD24F}.Release|x86.Build.0 = Release|Any CPU
	EndGlobalSection
	GlobalSection(SolutionProperties) = preSolution
		HideSolutionNode = FALSE
	EndGlobalSection
	GlobalSection(ExtensibilityGlobals) = postSolution
		SolutionGuid = {2F2044FB-EFF6-49A0-B157-BED6AA66BF0E}
	EndGlobalSection
EndGlobal
