
Microsoft Visual Studio Solution File, Format Version 12.00
# Visual Studio Version 16
VisualStudioVersion = 16.0.30114.105
MinimumVisualStudioVersion = 10.0.40219.1
Project("{2150E333-8FDC-42A3-9474-1A3956D46DE8}") = "build", "build", "{4C149715-7592-46AA-830A-D7CA53AB1378}"
	ProjectSection(SolutionItems) = preProject
		GitVersion.yml = GitVersion.yml
	EndProjectSection
EndProject
Project("{9A19103F-16F7-4668-BE54-9A1E7A4F7556}") = "AutomationConnectors.AzDevOps", "src\AutomationConnectors.AzDevOps\AutomationConnectors.AzDevOps.csproj", "{3FDAABD7-3BBB-44F2-97CD-E17D53430CD8}"
EndProject
Project("{9A19103F-16F7-4668-BE54-9A1E7A4F7556}") = "AutomationConnectors.Common", "src\AutomationConnectors.Common\AutomationConnectors.Common.csproj", "{A6BEDFAC-F9FE-41DB-A044-99305E7A9CB8}"
EndProject
Project("{9A19103F-16F7-4668-BE54-9A1E7A4F7556}") = "AutomationConnectors.Confluence", "src\AutomationConnectors.Confluence\AutomationConnectors.Confluence.csproj", "{500DF2A5-0DB0-4D20-A3AD-663692F37CFB}"
EndProject
Project("{9A19103F-16F7-4668-BE54-9A1E7A4F7556}") = "AutomationConnectors.Exchange", "src\AutomationConnectors.Exchange\AutomationConnectors.Exchange.csproj", "{746B8C13-7D16-48EF-A7AF-2FB73E63C95A}"
EndProject
Project("{9A19103F-16F7-4668-BE54-9A1E7A4F7556}") = "AutomationConnectors.Fortify", "src\AutomationConnectors.Fortify\AutomationConnectors.Fortify.csproj", "{332B6271-CE50-411C-8BEF-7D27E964D9BA}"
EndProject
Project("{9A19103F-16F7-4668-BE54-9A1E7A4F7556}") = "AutomationConnectors.Octopus", "src\AutomationConnectors.Octopus\AutomationConnectors.Octopus.csproj", "{CABCB7FA-DA27-40EF-93B4-934E6B237E52}"
EndProject
Project("{9A19103F-16F7-4668-BE54-9A1E7A4F7556}") = "AutomationConnectors.Proget", "src\AutomationConnectors.Proget\AutomationConnectors.Proget.csproj", "{2894BFC2-406F-43EF-878F-7AFBF16A73D5}"
EndProject
Project("{9A19103F-16F7-4668-BE54-9A1E7A4F7556}") = "AutomationConnectors.SonaType", "src\AutomationConnectors.SonaType\AutomationConnectors.SonaType.csproj", "{CE7B5A0C-9F6E-49CE-9CDE-C43B104EBB67}"
EndProject
Project("{9A19103F-16F7-4668-BE54-9A1E7A4F7556}") = "AutomationConnectors.VersionOne", "src\AutomationConnectors.VersionOne\AutomationConnectors.VersionOne.csproj", "{78544A58-BA47-4D74-A2DE-2BBE61270439}"
EndProject
Project("{9A19103F-16F7-4668-BE54-9A1E7A4F7556}") = "AutomationConnectors.Test", "test\AutomationConnectors.Test\AutomationConnectors.Test.csproj", "{5DB9C9DD-6F70-437C-B4E9-A1D857E3DB67}"
EndProject
Project("{2150E333-8FDC-42A3-9474-1A3956D46DE8}") = "src", "src", "{54F8C5C3-DA77-4A7C-B5CF-6586AF3A3D9F}"
EndProject
Project("{2150E333-8FDC-42A3-9474-1A3956D46DE8}") = "test", "test", "{718E6441-7596-4FD5-9B36-A553D9722418}"
EndProject
Project("{2150E333-8FDC-42A3-9474-1A3956D46DE8}") = "pipelines", "pipelines", "{3CAE3E2E-0A81-424A-8F93-7329376B8753}"
	ProjectSection(SolutionItems) = preProject
		.github\workflows\CodeqlPipeline.yml = .github\workflows\CodeqlPipeline.yml
		.github\workflows\NetCoreBuildPipeline.yml = .github\workflows\NetCoreBuildPipeline.yml
		.github\workflows\SonarCloudPipeline.yml = .github\workflows\SonarCloudPipeline.yml
	EndProjectSection
EndProject
Global
	GlobalSection(SolutionConfigurationPlatforms) = preSolution
		Debug|Any CPU = Debug|Any CPU
		Debug|x86 = Debug|x86
		Release|Any CPU = Release|Any CPU
		Release|x86 = Release|x86
	EndGlobalSection
	GlobalSection(ProjectConfigurationPlatforms) = postSolution
		{3FDAABD7-3BBB-44F2-97CD-E17D53430CD8}.Debug|Any CPU.ActiveCfg = Debug|Any CPU
		{3FDAABD7-3BBB-44F2-97CD-E17D53430CD8}.Debug|Any CPU.Build.0 = Debug|Any CPU
		{3FDAABD7-3BBB-44F2-97CD-E17D53430CD8}.Debug|x86.ActiveCfg = Debug|Any CPU
		{3FDAABD7-3BBB-44F2-97CD-E17D53430CD8}.Debug|x86.Build.0 = Debug|Any CPU
		{3FDAABD7-3BBB-44F2-97CD-E17D53430CD8}.Release|Any CPU.ActiveCfg = Release|Any CPU
		{3FDAABD7-3BBB-44F2-97CD-E17D53430CD8}.Release|Any CPU.Build.0 = Release|Any CPU
		{3FDAABD7-3BBB-44F2-97CD-E17D53430CD8}.Release|x86.ActiveCfg = Release|Any CPU
		{3FDAABD7-3BBB-44F2-97CD-E17D53430CD8}.Release|x86.Build.0 = Release|Any CPU
		{A6BEDFAC-F9FE-41DB-A044-99305E7A9CB8}.Debug|Any CPU.ActiveCfg = Debug|Any CPU
		{A6BEDFAC-F9FE-41DB-A044-99305E7A9CB8}.Debug|Any CPU.Build.0 = Debug|Any CPU
		{A6BEDFAC-F9FE-41DB-A044-99305E7A9CB8}.Debug|x86.ActiveCfg = Debug|Any CPU
		{A6BEDFAC-F9FE-41DB-A044-99305E7A9CB8}.Debug|x86.Build.0 = Debug|Any CPU
		{A6BEDFAC-F9FE-41DB-A044-99305E7A9CB8}.Release|Any CPU.ActiveCfg = Release|Any CPU
		{A6BEDFAC-F9FE-41DB-A044-99305E7A9CB8}.Release|Any CPU.Build.0 = Release|Any CPU
		{A6BEDFAC-F9FE-41DB-A044-99305E7A9CB8}.Release|x86.ActiveCfg = Release|Any CPU
		{A6BEDFAC-F9FE-41DB-A044-99305E7A9CB8}.Release|x86.Build.0 = Release|Any CPU
		{500DF2A5-0DB0-4D20-A3AD-663692F37CFB}.Debug|Any CPU.ActiveCfg = Debug|Any CPU
		{500DF2A5-0DB0-4D20-A3AD-663692F37CFB}.Debug|Any CPU.Build.0 = Debug|Any CPU
		{500DF2A5-0DB0-4D20-A3AD-663692F37CFB}.Debug|x86.ActiveCfg = Debug|Any CPU
		{500DF2A5-0DB0-4D20-A3AD-663692F37CFB}.Debug|x86.Build.0 = Debug|Any CPU
		{500DF2A5-0DB0-4D20-A3AD-663692F37CFB}.Release|Any CPU.ActiveCfg = Release|Any CPU
		{500DF2A5-0DB0-4D20-A3AD-663692F37CFB}.Release|Any CPU.Build.0 = Release|Any CPU
		{500DF2A5-0DB0-4D20-A3AD-663692F37CFB}.Release|x86.ActiveCfg = Release|Any CPU
		{500DF2A5-0DB0-4D20-A3AD-663692F37CFB}.Release|x86.Build.0 = Release|Any CPU
		{746B8C13-7D16-48EF-A7AF-2FB73E63C95A}.Debug|Any CPU.ActiveCfg = Debug|Any CPU
		{746B8C13-7D16-48EF-A7AF-2FB73E63C95A}.Debug|Any CPU.Build.0 = Debug|Any CPU
		{746B8C13-7D16-48EF-A7AF-2FB73E63C95A}.Debug|x86.ActiveCfg = Debug|Any CPU
		{746B8C13-7D16-48EF-A7AF-2FB73E63C95A}.Debug|x86.Build.0 = Debug|Any CPU
		{746B8C13-7D16-48EF-A7AF-2FB73E63C95A}.Release|Any CPU.ActiveCfg = Release|Any CPU
		{746B8C13-7D16-48EF-A7AF-2FB73E63C95A}.Release|Any CPU.Build.0 = Release|Any CPU
		{746B8C13-7D16-48EF-A7AF-2FB73E63C95A}.Release|x86.ActiveCfg = Release|Any CPU
		{746B8C13-7D16-48EF-A7AF-2FB73E63C95A}.Release|x86.Build.0 = Release|Any CPU
		{332B6271-CE50-411C-8BEF-7D27E964D9BA}.Debug|Any CPU.ActiveCfg = Debug|Any CPU
		{332B6271-CE50-411C-8BEF-7D27E964D9BA}.Debug|Any CPU.Build.0 = Debug|Any CPU
		{332B6271-CE50-411C-8BEF-7D27E964D9BA}.Debug|x86.ActiveCfg = Debug|Any CPU
		{332B6271-CE50-411C-8BEF-7D27E964D9BA}.Debug|x86.Build.0 = Debug|Any CPU
		{332B6271-CE50-411C-8BEF-7D27E964D9BA}.Release|Any CPU.ActiveCfg = Release|Any CPU
		{332B6271-CE50-411C-8BEF-7D27E964D9BA}.Release|Any CPU.Build.0 = Release|Any CPU
		{332B6271-CE50-411C-8BEF-7D27E964D9BA}.Release|x86.ActiveCfg = Release|Any CPU
		{332B6271-CE50-411C-8BEF-7D27E964D9BA}.Release|x86.Build.0 = Release|Any CPU
		{CABCB7FA-DA27-40EF-93B4-934E6B237E52}.Debug|Any CPU.ActiveCfg = Debug|Any CPU
		{CABCB7FA-DA27-40EF-93B4-934E6B237E52}.Debug|Any CPU.Build.0 = Debug|Any CPU
		{CABCB7FA-DA27-40EF-93B4-934E6B237E52}.Debug|x86.ActiveCfg = Debug|Any CPU
		{CABCB7FA-DA27-40EF-93B4-934E6B237E52}.Debug|x86.Build.0 = Debug|Any CPU
		{CABCB7FA-DA27-40EF-93B4-934E6B237E52}.Release|Any CPU.ActiveCfg = Release|Any CPU
		{CABCB7FA-DA27-40EF-93B4-934E6B237E52}.Release|Any CPU.Build.0 = Release|Any CPU
		{CABCB7FA-DA27-40EF-93B4-934E6B237E52}.Release|x86.ActiveCfg = Release|Any CPU
		{CABCB7FA-DA27-40EF-93B4-934E6B237E52}.Release|x86.Build.0 = Release|Any CPU
		{2894BFC2-406F-43EF-878F-7AFBF16A73D5}.Debug|Any CPU.ActiveCfg = Debug|Any CPU
		{2894BFC2-406F-43EF-878F-7AFBF16A73D5}.Debug|Any CPU.Build.0 = Debug|Any CPU
		{2894BFC2-406F-43EF-878F-7AFBF16A73D5}.Debug|x86.ActiveCfg = Debug|Any CPU
		{2894BFC2-406F-43EF-878F-7AFBF16A73D5}.Debug|x86.Build.0 = Debug|Any CPU
		{2894BFC2-406F-43EF-878F-7AFBF16A73D5}.Release|Any CPU.ActiveCfg = Release|Any CPU
		{2894BFC2-406F-43EF-878F-7AFBF16A73D5}.Release|Any CPU.Build.0 = Release|Any CPU
		{2894BFC2-406F-43EF-878F-7AFBF16A73D5}.Release|x86.ActiveCfg = Release|Any CPU
		{2894BFC2-406F-43EF-878F-7AFBF16A73D5}.Release|x86.Build.0 = Release|Any CPU
		{CE7B5A0C-9F6E-49CE-9CDE-C43B104EBB67}.Debug|Any CPU.ActiveCfg = Debug|Any CPU
		{CE7B5A0C-9F6E-49CE-9CDE-C43B104EBB67}.Debug|Any CPU.Build.0 = Debug|Any CPU
		{CE7B5A0C-9F6E-49CE-9CDE-C43B104EBB67}.Debug|x86.ActiveCfg = Debug|Any CPU
		{CE7B5A0C-9F6E-49CE-9CDE-C43B104EBB67}.Debug|x86.Build.0 = Debug|Any CPU
		{CE7B5A0C-9F6E-49CE-9CDE-C43B104EBB67}.Release|Any CPU.ActiveCfg = Release|Any CPU
		{CE7B5A0C-9F6E-49CE-9CDE-C43B104EBB67}.Release|Any CPU.Build.0 = Release|Any CPU
		{CE7B5A0C-9F6E-49CE-9CDE-C43B104EBB67}.Release|x86.ActiveCfg = Release|Any CPU
		{CE7B5A0C-9F6E-49CE-9CDE-C43B104EBB67}.Release|x86.Build.0 = Release|Any CPU
		{78544A58-BA47-4D74-A2DE-2BBE61270439}.Debug|Any CPU.ActiveCfg = Debug|Any CPU
		{78544A58-BA47-4D74-A2DE-2BBE61270439}.Debug|Any CPU.Build.0 = Debug|Any CPU
		{78544A58-BA47-4D74-A2DE-2BBE61270439}.Debug|x86.ActiveCfg = Debug|Any CPU
		{78544A58-BA47-4D74-A2DE-2BBE61270439}.Debug|x86.Build.0 = Debug|Any CPU
		{78544A58-BA47-4D74-A2DE-2BBE61270439}.Release|Any CPU.ActiveCfg = Release|Any CPU
		{78544A58-BA47-4D74-A2DE-2BBE61270439}.Release|Any CPU.Build.0 = Release|Any CPU
		{78544A58-BA47-4D74-A2DE-2BBE61270439}.Release|x86.ActiveCfg = Release|Any CPU
		{78544A58-BA47-4D74-A2DE-2BBE61270439}.Release|x86.Build.0 = Release|Any CPU
		{5DB9C9DD-6F70-437C-B4E9-A1D857E3DB67}.Debug|Any CPU.ActiveCfg = Debug|Any CPU
		{5DB9C9DD-6F70-437C-B4E9-A1D857E3DB67}.Debug|Any CPU.Build.0 = Debug|Any CPU
		{5DB9C9DD-6F70-437C-B4E9-A1D857E3DB67}.Debug|x86.ActiveCfg = Debug|Any CPU
		{5DB9C9DD-6F70-437C-B4E9-A1D857E3DB67}.Debug|x86.Build.0 = Debug|Any CPU
		{5DB9C9DD-6F70-437C-B4E9-A1D857E3DB67}.Release|Any CPU.ActiveCfg = Release|Any CPU
		{5DB9C9DD-6F70-437C-B4E9-A1D857E3DB67}.Release|Any CPU.Build.0 = Release|Any CPU
		{5DB9C9DD-6F70-437C-B4E9-A1D857E3DB67}.Release|x86.ActiveCfg = Release|Any CPU
		{5DB9C9DD-6F70-437C-B4E9-A1D857E3DB67}.Release|x86.Build.0 = Release|Any CPU
	EndGlobalSection
	GlobalSection(SolutionProperties) = preSolution
		HideSolutionNode = FALSE
	EndGlobalSection
	GlobalSection(NestedProjects) = preSolution
		{3FDAABD7-3BBB-44F2-97CD-E17D53430CD8} = {54F8C5C3-DA77-4A7C-B5CF-6586AF3A3D9F}
		{A6BEDFAC-F9FE-41DB-A044-99305E7A9CB8} = {54F8C5C3-DA77-4A7C-B5CF-6586AF3A3D9F}
		{500DF2A5-0DB0-4D20-A3AD-663692F37CFB} = {54F8C5C3-DA77-4A7C-B5CF-6586AF3A3D9F}
		{746B8C13-7D16-48EF-A7AF-2FB73E63C95A} = {54F8C5C3-DA77-4A7C-B5CF-6586AF3A3D9F}
		{332B6271-CE50-411C-8BEF-7D27E964D9BA} = {54F8C5C3-DA77-4A7C-B5CF-6586AF3A3D9F}
		{CABCB7FA-DA27-40EF-93B4-934E6B237E52} = {54F8C5C3-DA77-4A7C-B5CF-6586AF3A3D9F}
		{2894BFC2-406F-43EF-878F-7AFBF16A73D5} = {54F8C5C3-DA77-4A7C-B5CF-6586AF3A3D9F}
		{CE7B5A0C-9F6E-49CE-9CDE-C43B104EBB67} = {54F8C5C3-DA77-4A7C-B5CF-6586AF3A3D9F}
		{78544A58-BA47-4D74-A2DE-2BBE61270439} = {54F8C5C3-DA77-4A7C-B5CF-6586AF3A3D9F}
		{5DB9C9DD-6F70-437C-B4E9-A1D857E3DB67} = {718E6441-7596-4FD5-9B36-A553D9722418}
		{3CAE3E2E-0A81-424A-8F93-7329376B8753} = {4C149715-7592-46AA-830A-D7CA53AB1378}
	EndGlobalSection
	GlobalSection(ExtensibilityGlobals) = postSolution
		SolutionGuid = {2F2044FB-EFF6-49A0-B157-BED6AA66BF0E}
	EndGlobalSection
EndGlobal
